# @generated by Move, please check-in and do not edit manually.

[move]
version = 3
manifest_digest = "843AB759ACFE60C1C86BC2F90C4FE585F6A36D327166F0287BE764DDA935797E"
deps_digest = "F8BBB0CCB2491CA29A3DF03D6F92277A4F3574266507ACD77214D37ECA3F3082"
dependencies = [
  { id = "Sui", name = "Sui" },
]

[[move.package]]
id = "MoveStdlib"
source = { git = "https://github.com/MystenLabs/sui.git", rev = "framework/testnet", subdir = "crates/sui-framework/packages/move-stdlib" }

[[move.package]]
id = "Sui"
source = { git = "https://github.com/MystenLabs/sui.git", rev = "framework/testnet", subdir = "crates/sui-framework/packages/sui-framework" }

dependencies = [
  { id = "MoveStdlib", name = "MoveStdlib" },
]

[move.toolchain-version]
compiler-version = "1.35.1"
edition = "2024.beta"
flavor = "sui"

[env]

[env.testnet]
chain-id = "4c78adac"
original-published-id = "0xe67902db096a3d1dae99b9a99a60c0d3210b06d377f11a55b6ffe57a96412894"
latest-published-id = "0xe67902db096a3d1dae99b9a99a60c0d3210b06d377f11a55b6ffe57a96412894"
published-version = "1"
